// !$*UTF8*$!
{
	archiveVersion = 1;
	classes = {
	};
	objectVersion = 56;
	objects = {

/* Begin PBXBuildFile section */
		6D3551932B8A854E0077F0B7 /* SnakeGame_SwiftUI_MVVMApp.swift in Sources */ = {isa = PBXBuildFile; fileRef = 6D3551922B8A854E0077F0B7 /* SnakeGame_SwiftUI_MVVMApp.swift */; };
		6D3551952B8A854E0077F0B7 /* SnakeView.swift in Sources */ = {isa = PBXBuildFile; fileRef = 6D3551942B8A854E0077F0B7 /* SnakeView.swift */; };
		6D3551972B8A85500077F0B7 /* Assets.xcassets in Resources */ = {isa = PBXBuildFile; fileRef = 6D3551962B8A85500077F0B7 /* Assets.xcassets */; };
		6D35519A2B8A85500077F0B7 /* Preview Assets.xcassets in Resources */ = {isa = PBXBuildFile; fileRef = 6D3551992B8A85500077F0B7 /* Preview Assets.xcassets */; };
		6D3551A12B8A85AC0077F0B7 /* Enum CellState.swift in Sources */ = {isa = PBXBuildFile; fileRef = 6D3551A02B8A85AC0077F0B7 /* Enum CellState.swift */; };
		6D3551A32B8A85D50077F0B7 /* SnakeOptions.swift in Sources */ = {isa = PBXBuildFile; fileRef = 6D3551A22B8A85D50077F0B7 /* SnakeOptions.swift */; };
		6D3551A52B8A86DC0077F0B7 /* SnakeOptionsView.swift in Sources */ = {isa = PBXBuildFile; fileRef = 6D3551A42B8A86DC0077F0B7 /* SnakeOptionsView.swift */; };
		6D3551A72B8A87530077F0B7 /* SnakeViewModel.swift in Sources */ = {isa = PBXBuildFile; fileRef = 6D3551A62B8A87530077F0B7 /* SnakeViewModel.swift */; };
		6D3551A92B8A87710077F0B7 /* CustomColors.swift in Sources */ = {isa = PBXBuildFile; fileRef = 6D3551A82B8A87710077F0B7 /* CustomColors.swift */; };
		6D3551AB2B8A87A90077F0B7 /* UsersView.swift in Sources */ = {isa = PBXBuildFile; fileRef = 6D3551AA2B8A87A90077F0B7 /* UsersView.swift */; };
		6D3551AD2B8A87C80077F0B7 /* UsersViewModel.swift in Sources */ = {isa = PBXBuildFile; fileRef = 6D3551AC2B8A87C80077F0B7 /* UsersViewModel.swift */; };
		6D3551AF2B8A87DE0077F0B7 /* NetworkingServices.swift in Sources */ = {isa = PBXBuildFile; fileRef = 6D3551AE2B8A87DE0077F0B7 /* NetworkingServices.swift */; };
		6D3551B12B8A87F30077F0B7 /* UserJSON.swift in Sources */ = {isa = PBXBuildFile; fileRef = 6D3551B02B8A87F30077F0B7 /* UserJSON.swift */; };
		6D3551B32BA9FA590077F0B7 /* Enum MovingDirection.swift in Sources */ = {isa = PBXBuildFile; fileRef = 6D3551B22BA9FA590077F0B7 /* Enum MovingDirection.swift */; };
		6D3551B52BA9FA970077F0B7 /* FieldState.swift in Sources */ = {isa = PBXBuildFile; fileRef = 6D3551B42BA9FA970077F0B7 /* FieldState.swift */; };
/* End PBXBuildFile section */

/* Begin PBXFileReference section */
		6D35518F2B8A854E0077F0B7 /* SnakeGame-SwiftUI-MVVM.app */ = {isa = PBXFileReference; explicitFileType = wrapper.application; includeInIndex = 0; path = "SnakeGame-SwiftUI-MVVM.app"; sourceTree = BUILT_PRODUCTS_DIR; };
		6D3551922B8A854E0077F0B7 /* SnakeGame_SwiftUI_MVVMApp.swift */ = {isa = PBXFileReference; lastKnownFileType = sourcecode.swift; path = SnakeGame_SwiftUI_MVVMApp.swift; sourceTree = "<group>"; };
		6D3551942B8A854E0077F0B7 /* SnakeView.swift */ = {isa = PBXFileReference; lastKnownFileType = sourcecode.swift; path = SnakeView.swift; sourceTree = "<group>"; };
		6D3551962B8A85500077F0B7 /* Assets.xcassets */ = {isa = PBXFileReference; lastKnownFileType = folder.assetcatalog; path = Assets.xcassets; sourceTree = "<group>"; };
		6D3551992B8A85500077F0B7 /* Preview Assets.xcassets */ = {isa = PBXFileReference; lastKnownFileType = folder.assetcatalog; path = "Preview Assets.xcassets"; sourceTree = "<group>"; };
		6D3551A02B8A85AC0077F0B7 /* Enum CellState.swift */ = {isa = PBXFileReference; lastKnownFileType = sourcecode.swift; path = "Enum CellState.swift"; sourceTree = "<group>"; };
		6D3551A22B8A85D50077F0B7 /* SnakeOptions.swift */ = {isa = PBXFileReference; lastKnownFileType = sourcecode.swift; path = SnakeOptions.swift; sourceTree = "<group>"; };
		6D3551A42B8A86DC0077F0B7 /* SnakeOptionsView.swift */ = {isa = PBXFileReference; lastKnownFileType = sourcecode.swift; path = SnakeOptionsView.swift; sourceTree = "<group>"; };
		6D3551A62B8A87530077F0B7 /* SnakeViewModel.swift */ = {isa = PBXFileReference; lastKnownFileType = sourcecode.swift; path = SnakeViewModel.swift; sourceTree = "<group>"; };
		6D3551A82B8A87710077F0B7 /* CustomColors.swift */ = {isa = PBXFileReference; lastKnownFileType = sourcecode.swift; path = CustomColors.swift; sourceTree = "<group>"; };
		6D3551AA2B8A87A90077F0B7 /* UsersView.swift */ = {isa = PBXFileReference; lastKnownFileType = sourcecode.swift; path = UsersView.swift; sourceTree = "<group>"; };
		6D3551AC2B8A87C80077F0B7 /* UsersViewModel.swift */ = {isa = PBXFileReference; lastKnownFileType = sourcecode.swift; path = UsersViewModel.swift; sourceTree = "<group>"; };
		6D3551AE2B8A87DE0077F0B7 /* NetworkingServices.swift */ = {isa = PBXFileReference; lastKnownFileType = sourcecode.swift; path = NetworkingServices.swift; sourceTree = "<group>"; };
		6D3551B02B8A87F30077F0B7 /* UserJSON.swift */ = {isa = PBXFileReference; lastKnownFileType = sourcecode.swift; path = UserJSON.swift; sourceTree = "<group>"; };
		6D3551B22BA9FA590077F0B7 /* Enum MovingDirection.swift */ = {isa = PBXFileReference; lastKnownFileType = sourcecode.swift; path = "Enum MovingDirection.swift"; sourceTree = "<group>"; };
		6D3551B42BA9FA970077F0B7 /* FieldState.swift */ = {isa = PBXFileReference; lastKnownFileType = sourcecode.swift; path = FieldState.swift; sourceTree = "<group>"; };
/* End PBXFileReference section */

/* Begin PBXFrameworksBuildPhase section */
		6D35518C2B8A854E0077F0B7 /* Frameworks */ = {
			isa = PBXFrameworksBuildPhase;
			buildActionMask = 2147483647;
			files = (
			);
			runOnlyForDeploymentPostprocessing = 0;
		};
/* End PBXFrameworksBuildPhase section */

/* Begin PBXGroup section */
		6D3551862B8A854E0077F0B7 = {
			isa = PBXGroup;
			children = (
				6D3551912B8A854E0077F0B7 /* SnakeGame-SwiftUI-MVVM */,
				6D3551902B8A854E0077F0B7 /* Products */,
			);
			sourceTree = "<group>";
		};
		6D3551902B8A854E0077F0B7 /* Products */ = {
			isa = PBXGroup;
			children = (
				6D35518F2B8A854E0077F0B7 /* SnakeGame-SwiftUI-MVVM.app */,
			);
			name = Products;
			sourceTree = "<group>";
		};
		6D3551912B8A854E0077F0B7 /* SnakeGame-SwiftUI-MVVM */ = {
			isa = PBXGroup;
			children = (
				6D3551922B8A854E0077F0B7 /* SnakeGame_SwiftUI_MVVMApp.swift */,
				6D3551B62BA9FAAF0077F0B7 /* Models */,
				6D3551A22B8A85D50077F0B7 /* SnakeOptions.swift */,
				6D3551A42B8A86DC0077F0B7 /* SnakeOptionsView.swift */,
				6D3551A82B8A87710077F0B7 /* CustomColors.swift */,
				6D3551B72BAE49560077F0B7 /* SnakeView */,
				6D3551B82BAE49A40077F0B7 /* UsersView */,
				6D3551B92BAE49B80077F0B7 /* Networking */,
				6D3551962B8A85500077F0B7 /* Assets.xcassets */,
				6D3551982B8A85500077F0B7 /* Preview Content */,
			);
			path = "SnakeGame-SwiftUI-MVVM";
			sourceTree = "<group>";
		};
		6D3551982B8A85500077F0B7 /* Preview Content */ = {
			isa = PBXGroup;
			children = (
				6D3551992B8A85500077F0B7 /* Preview Assets.xcassets */,
			);
			path = "Preview Content";
			sourceTree = "<group>";
		};
		6D3551B62BA9FAAF0077F0B7 /* Models */ = {
			isa = PBXGroup;
			children = (
				6D3551A02B8A85AC0077F0B7 /* Enum CellState.swift */,
				6D3551B22BA9FA590077F0B7 /* Enum MovingDirection.swift */,
				6D3551B42BA9FA970077F0B7 /* FieldState.swift */,
			);
			path = Models;
			sourceTree = "<group>";
		};
		6D3551B72BAE49560077F0B7 /* SnakeView */ = {
			isa = PBXGroup;
			children = (
				6D3551942B8A854E0077F0B7 /* SnakeView.swift */,
				6D3551A62B8A87530077F0B7 /* SnakeViewModel.swift */,
			);
			path = SnakeView;
			sourceTree = "<group>";
		};
		6D3551B82BAE49A40077F0B7 /* UsersView */ = {
			isa = PBXGroup;
			children = (
				6D3551AA2B8A87A90077F0B7 /* UsersView.swift */,
				6D3551AC2B8A87C80077F0B7 /* UsersViewModel.swift */,
			);
			path = UsersView;
			sourceTree = "<group>";
		};
		6D3551B92BAE49B80077F0B7 /* Networking */ = {
			isa = PBXGroup;
			children = (
				6D3551AE2B8A87DE0077F0B7 /* NetworkingServices.swift */,
				6D3551B02B8A87F30077F0B7 /* UserJSON.swift */,
			);
			path = Networking;
			sourceTree = "<group>";
		};
/* End PBXGroup section */

/* Begin PBXNativeTarget section */
		6D35518E2B8A854E0077F0B7 /* SnakeGame-SwiftUI-MVVM */ = {
			isa = PBXNativeTarget;
			buildConfigurationList = 6D35519D2B8A85500077F0B7 /* Build configuration list for PBXNativeTarget "SnakeGame-SwiftUI-MVVM" */;
			buildPhases = (
				6D35518B2B8A854E0077F0B7 /* Sources */,
				6D35518C2B8A854E0077F0B7 /* Frameworks */,
				6D35518D2B8A854E0077F0B7 /* Resources */,
			);
			buildRules = (
			);
			dependencies = (
			);
			name = "SnakeGame-SwiftUI-MVVM";
			productName = "SnakeGame-SwiftUI-MVVM";
			productReference = 6D35518F2B8A854E0077F0B7 /* SnakeGame-SwiftUI-MVVM.app */;
			productType = "com.apple.product-type.application";
		};
/* End PBXNativeTarget section */

/* Begin PBXProject section */
		6D3551872B8A854E0077F0B7 /* Project object */ = {
			isa = PBXProject;
			attributes = {
				BuildIndependentTargetsInParallel = 1;
				LastSwiftUpdateCheck = 1520;
				LastUpgradeCheck = 1520;
				TargetAttributes = {
					6D35518E2B8A854E0077F0B7 = {
						CreatedOnToolsVersion = 15.2;
					};
				};
			};
			buildConfigurationList = 6D35518A2B8A854E0077F0B7 /* Build configuration list for PBXProject "SnakeGame-SwiftUI-MVVM" */;
			compatibilityVersion = "Xcode 14.0";
			developmentRegion = en;
			hasScannedForEncodings = 0;
			knownRegions = (
				en,
				Base,
			);
			mainGroup = 6D3551862B8A854E0077F0B7;
			productRefGroup = 6D3551902B8A854E0077F0B7 /* Products */;
			projectDirPath = "";
			projectRoot = "";
			targets = (
				6D35518E2B8A854E0077F0B7 /* SnakeGame-SwiftUI-MVVM */,
			);
		};
/* End PBXProject section */

/* Begin PBXResourcesBuildPhase section */
		6D35518D2B8A854E0077F0B7 /* Resources */ = {
			isa = PBXResourcesBuildPhase;
			buildActionMask = 2147483647;
			files = (
				6D35519A2B8A85500077F0B7 /* Preview Assets.xcassets in Resources */,
				6D3551972B8A85500077F0B7 /* Assets.xcassets in Resources */,
			);
			runOnlyForDeploymentPostprocessing = 0;
		};
/* End PBXResourcesBuildPhase section */

/* Begin PBXSourcesBuildPhase section */
		6D35518B2B8A854E0077F0B7 /* Sources */ = {
			isa = PBXSourcesBuildPhase;
			buildActionMask = 2147483647;
			files = (
				6D3551952B8A854E0077F0B7 /* SnakeView.swift in Sources */,
				6D3551AF2B8A87DE0077F0B7 /* NetworkingServices.swift in Sources */,
				6D3551A12B8A85AC0077F0B7 /* Enum CellState.swift in Sources */,
				6D3551B32BA9FA590077F0B7 /* Enum MovingDirection.swift in Sources */,
				6D3551A92B8A87710077F0B7 /* CustomColors.swift in Sources */,
				6D3551B52BA9FA970077F0B7 /* FieldState.swift in Sources */,
				6D3551B12B8A87F30077F0B7 /* UserJSON.swift in Sources */,
				6D3551AD2B8A87C80077F0B7 /* UsersViewModel.swift in Sources */,
				6D3551932B8A854E0077F0B7 /* SnakeGame_SwiftUI_MVVMApp.swift in Sources */,
				6D3551A72B8A87530077F0B7 /* SnakeViewModel.swift in Sources */,
				6D3551A52B8A86DC0077F0B7 /* SnakeOptionsView.swift in Sources */,
				6D3551A32B8A85D50077F0B7 /* SnakeOptions.swift in Sources */,
				6D3551AB2B8A87A90077F0B7 /* UsersView.swift in Sources */,
			);
			runOnlyForDeploymentPostprocessing = 0;
		};
/* End PBXSourcesBuildPhase section */

/* Begin XCBuildConfiguration section */
		6D35519B2B8A85500077F0B7 /* Debug */ = {
			isa = XCBuildConfiguration;
			buildSettings = {
				ALWAYS_SEARCH_USER_PATHS = NO;
				ASSETCATALOG_COMPILER_GENERATE_SWIFT_ASSET_SYMBOL_EXTENSIONS = YES;
				CLANG_ANALYZER_NONNULL = YES;
				CLANG_ANALYZER_NUMBER_OBJECT_CONVERSION = YES_AGGRESSIVE;
				CLANG_CXX_LANGUAGE_STANDARD = "gnu++20";
				CLANG_ENABLE_MODULES = YES;
				CLANG_ENABLE_OBJC_ARC = YES;
				CLANG_ENABLE_OBJC_WEAK = YES;
				CLANG_WARN_BLOCK_CAPTURE_AUTORELEASING = YES;
				CLANG_WARN_BOOL_CONVERSION = YES;
				CLANG_WARN_COMMA = YES;
				CLANG_WARN_CONSTANT_CONVERSION = YES;
				CLANG_WARN_DEPRECATED_OBJC_IMPLEMENTATIONS = YES;
				CLANG_WARN_DIRECT_OBJC_ISA_USAGE = YES_ERROR;
				CLANG_WARN_DOCUMENTATION_COMMENTS = YES;
				CLANG_WARN_EMPTY_BODY = YES;
				CLANG_WARN_ENUM_CONVERSION = YES;
				CLANG_WARN_INFINITE_RECURSION = YES;
				CLANG_WARN_INT_CONVERSION = YES;
				CLANG_WARN_NON_LITERAL_NULL_CONVERSION = YES;
				CLANG_WARN_OBJC_IMPLICIT_RETAIN_SELF = YES;
				CLANG_WARN_OBJC_LITERAL_CONVERSION = YES;
				CLANG_WARN_OBJC_ROOT_CLASS = YES_ERROR;
				CLANG_WARN_QUOTED_INCLUDE_IN_FRAMEWORK_HEADER = YES;
				CLANG_WARN_RANGE_LOOP_ANALYSIS = YES;
				CLANG_WARN_STRICT_PROTOTYPES = YES;
				CLANG_WARN_SUSPICIOUS_MOVE = YES;
				CLANG_WARN_UNGUARDED_AVAILABILITY = YES_AGGRESSIVE;
				CLANG_WARN_UNREACHABLE_CODE = YES;
				CLANG_WARN__DUPLICATE_METHOD_MATCH = YES;
				COPY_PHASE_STRIP = NO;
				DEBUG_INFORMATION_FORMAT = dwarf;
				ENABLE_STRICT_OBJC_MSGSEND = YES;
				ENABLE_TESTABILITY = YES;
				ENABLE_USER_SCRIPT_SANDBOXING = YES;
				GCC_C_LANGUAGE_STANDARD = gnu17;
				GCC_DYNAMIC_NO_PIC = NO;
				GCC_NO_COMMON_BLOCKS = YES;
				GCC_OPTIMIZATION_LEVEL = 0;
				GCC_PREPROCESSOR_DEFINITIONS = (
					"DEBUG=1",
					"$(inherited)",
				);
				GCC_WARN_64_TO_32_BIT_CONVERSION = YES;
				GCC_WARN_ABOUT_RETURN_TYPE = YES_ERROR;
				GCC_WARN_UNDECLARED_SELECTOR = YES;
				GCC_WARN_UNINITIALIZED_AUTOS = YES_AGGRESSIVE;
				GCC_WARN_UNUSED_FUNCTION = YES;
				GCC_WARN_UNUSED_VARIABLE = YES;
				IPHONEOS_DEPLOYMENT_TARGET = 17.2;
				LOCALIZATION_PREFERS_STRING_CATALOGS = YES;
				MTL_ENABLE_DEBUG_INFO = INCLUDE_SOURCE;
				MTL_FAST_MATH = YES;
				ONLY_ACTIVE_ARCH = YES;
				SDKROOT = iphoneos;
				SWIFT_ACTIVE_COMPILATION_CONDITIONS = "DEBUG $(inherited)";
				SWIFT_OPTIMIZATION_LEVEL = "-Onone";
			};
			name = Debug;
		};
		6D35519C2B8A85500077F0B7 /* Release */ = {
			isa = XCBuildConfiguration;
			buildSettings = {
				ALWAYS_SEARCH_USER_PATHS = NO;
				ASSETCATALOG_COMPILER_GENERATE_SWIFT_ASSET_SYMBOL_EXTENSIONS = YES;
				CLANG_ANALYZER_NONNULL = YES;
				CLANG_ANALYZER_NUMBER_OBJECT_CONVERSION = YES_AGGRESSIVE;
				CLANG_CXX_LANGUAGE_STANDARD = "gnu++20";
				CLANG_ENABLE_MODULES = YES;
				CLANG_ENABLE_OBJC_ARC = YES;
				CLANG_ENABLE_OBJC_WEAK = YES;
				CLANG_WARN_BLOCK_CAPTURE_AUTORELEASING = YES;
				CLANG_WARN_BOOL_CONVERSION = YES;
				CLANG_WARN_COMMA = YES;
				CLANG_WARN_CONSTANT_CONVERSION = YES;
				CLANG_WARN_DEPRECATED_OBJC_IMPLEMENTATIONS = YES;
				CLANG_WARN_DIRECT_OBJC_ISA_USAGE = YES_ERROR;
				CLANG_WARN_DOCUMENTATION_COMMENTS = YES;
				CLANG_WARN_EMPTY_BODY = YES;
				CLANG_WARN_ENUM_CONVERSION = YES;
				CLANG_WARN_INFINITE_RECURSION = YES;
				CLANG_WARN_INT_CONVERSION = YES;
				CLANG_WARN_NON_LITERAL_NULL_CONVERSION = YES;
				CLANG_WARN_OBJC_IMPLICIT_RETAIN_SELF = YES;
				CLANG_WARN_OBJC_LITERAL_CONVERSION = YES;
				CLANG_WARN_OBJC_ROOT_CLASS = YES_ERROR;
				CLANG_WARN_QUOTED_INCLUDE_IN_FRAMEWORK_HEADER = YES;
				CLANG_WARN_RANGE_LOOP_ANALYSIS = YES;
				CLANG_WARN_STRICT_PROTOTYPES = YES;
				CLANG_WARN_SUSPICIOUS_MOVE = YES;
				CLANG_WARN_UNGUARDED_AVAILABILITY = YES_AGGRESSIVE;
				CLANG_WARN_UNREACHABLE_CODE = YES;
				CLANG_WARN__DUPLICATE_METHOD_MATCH = YES;
				COPY_PHASE_STRIP = NO;
				DEBUG_INFORMATION_FORMAT = "dwarf-with-dsym";
				ENABLE_NS_ASSERTIONS = NO;
				ENABLE_STRICT_OBJC_MSGSEND = YES;
				ENABLE_USER_SCRIPT_SANDBOXING = YES;
				GCC_C_LANGUAGE_STANDARD = gnu17;
				GCC_NO_COMMON_BLOCKS = YES;
				GCC_WARN_64_TO_32_BIT_CONVERSION = YES;
				GCC_WARN_ABOUT_RETURN_TYPE = YES_ERROR;
				GCC_WARN_UNDECLARED_SELECTOR = YES;
				GCC_WARN_UNINITIALIZED_AUTOS = YES_AGGRESSIVE;
				GCC_WARN_UNUSED_FUNCTION = YES;
				GCC_WARN_UNUSED_VARIABLE = YES;
				IPHONEOS_DEPLOYMENT_TARGET = 17.2;
				LOCALIZATION_PREFERS_STRING_CATALOGS = YES;
				MTL_ENABLE_DEBUG_INFO = NO;
				MTL_FAST_MATH = YES;
				SDKROOT = iphoneos;
				SWIFT_COMPILATION_MODE = wholemodule;
				VALIDATE_PRODUCT = YES;
			};
			name = Release;
		};
		6D35519E2B8A85500077F0B7 /* Debug */ = {
			isa = XCBuildConfiguration;
			buildSettings = {
				ASSETCATALOG_COMPILER_APPICON_NAME = AppIcon;
				ASSETCATALOG_COMPILER_GLOBAL_ACCENT_COLOR_NAME = AccentColor;
				CODE_SIGN_STYLE = Automatic;
				CURRENT_PROJECT_VERSION = 1;
				DEVELOPMENT_ASSET_PATHS = "\"SnakeGame-SwiftUI-MVVM/Preview Content\"";
				DEVELOPMENT_TEAM = 275PB54DG5;
				ENABLE_PREVIEWS = YES;
				GENERATE_INFOPLIST_FILE = YES;
				INFOPLIST_KEY_UIApplicationSceneManifest_Generation = YES;
				INFOPLIST_KEY_UIApplicationSupportsIndirectInputEvents = YES;
				INFOPLIST_KEY_UILaunchScreen_Generation = YES;
				INFOPLIST_KEY_UISupportedInterfaceOrientations_iPad = "UIInterfaceOrientationPortrait UIInterfaceOrientationPortraitUpsideDown UIInterfaceOrientationLandscapeLeft UIInterfaceOrientationLandscapeRight";
				INFOPLIST_KEY_UISupportedInterfaceOrientations_iPhone = "UIInterfaceOrientationPortrait UIInterfaceOrientationLandscapeLeft UIInterfaceOrientationLandscapeRight";
				LD_RUNPATH_SEARCH_PATHS = (
					"$(inherited)",
					"@executable_path/Frameworks",
				);
				MARKETING_VERSION = 1.0;
				PRODUCT_BUNDLE_IDENTIFIER = "ddd.SnakeGame-SwiftUI-MVVM";
				PRODUCT_NAME = "$(TARGET_NAME)";
				SWIFT_EMIT_LOC_STRINGS = YES;
				SWIFT_VERSION = 5.0;
				TARGETED_DEVICE_FAMILY = "1,2";
			};
			name = Debug;
		};
		6D35519F2B8A85500077F0B7 /* Release */ = {
			isa = XCBuildConfiguration;
			buildSettings = {
				ASSETCATALOG_COMPILER_APPICON_NAME = AppIcon;
				ASSETCATALOG_COMPILER_GLOBAL_ACCENT_COLOR_NAME = AccentColor;
				CODE_SIGN_STYLE = Automatic;
				CURRENT_PROJECT_VERSION = 1;
				DEVELOPMENT_ASSET_PATHS = "\"SnakeGame-SwiftUI-MVVM/Preview Content\"";
				DEVELOPMENT_TEAM = 275PB54DG5;
				ENABLE_PREVIEWS = YES;
				GENERATE_INFOPLIST_FILE = YES;
				INFOPLIST_KEY_UIApplicationSceneManifest_Generation = YES;
				INFOPLIST_KEY_UIApplicationSupportsIndirectInputEvents = YES;
				INFOPLIST_KEY_UILaunchScreen_Generation = YES;
				INFOPLIST_KEY_UISupportedInterfaceOrientations_iPad = "UIInterfaceOrientationPortrait UIInterfaceOrientationPortraitUpsideDown UIInterfaceOrientationLandscapeLeft UIInterfaceOrientationLandscapeRight";
				INFOPLIST_KEY_UISupportedInterfaceOrientations_iPhone = "UIInterfaceOrientationPortrait UIInterfaceOrientationLandscapeLeft UIInterfaceOrientationLandscapeRight";
				LD_RUNPATH_SEARCH_PATHS = (
					"$(inherited)",
					"@executable_path/Frameworks",
				);
				MARKETING_VERSION = 1.0;
				PRODUCT_BUNDLE_IDENTIFIER = "ddd.SnakeGame-SwiftUI-MVVM";
				PRODUCT_NAME = "$(TARGET_NAME)";
				SWIFT_EMIT_LOC_STRINGS = YES;
				SWIFT_VERSION = 5.0;
				TARGETED_DEVICE_FAMILY = "1,2";
			};
			name = Release;
		};
/* End XCBuildConfiguration section */

/* Begin XCConfigurationList section */
		6D35518A2B8A854E0077F0B7 /* Build configuration list for PBXProject "SnakeGame-SwiftUI-MVVM" */ = {
			isa = XCConfigurationList;
			buildConfigurations = (
				6D35519B2B8A85500077F0B7 /* Debug */,
				6D35519C2B8A85500077F0B7 /* Release */,
			);
			defaultConfigurationIsVisible = 0;
			defaultConfigurationName = Release;
		};
		6D35519D2B8A85500077F0B7 /* Build configuration list for PBXNativeTarget "SnakeGame-SwiftUI-MVVM" */ = {
			isa = XCConfigurationList;
			buildConfigurations = (
				6D35519E2B8A85500077F0B7 /* Debug */,
				6D35519F2B8A85500077F0B7 /* Release */,
			);
			defaultConfigurationIsVisible = 0;
			defaultConfigurationName = Release;
		};
/* End XCConfigurationList section */
	};
	rootObject = 6D3551872B8A854E0077F0B7 /* Project object */;
}
